
Microsoft Visual Studio Solution File, Format Version 12.00
# Visual Studio Version 16
VisualStudioVersion = 16.0.30804.86
MinimumVisualStudioVersion = 10.0.40219.1
Project("{FAE04EC0-301F-11D3-BF4B-00C04F79EFBC}") = "WebApplication1", "WebApplication1\WebApplication1.csproj", "{DD55138B-6A8C-4702-8697-C45163B2B810}"
EndProject
Global
	GlobalSection(SolutionConfigurationPlatforms) = preSolution
		Debug|Any CPU = Debug|Any CPU
		Release|Any CPU = Release|Any CPU
	EndGlobalSection
	GlobalSection(ProjectConfigurationPlatforms) = postSolution
		{DD55138B-6A8C-4702-8697-C45163B2B810}.Debug|Any CPU.ActiveCfg = Debug|Any CPU
		{DD55138B-6A8C-4702-8697-C45163B2B810}.Debug|Any CPU.Build.0 = Debug|Any CPU
		{DD55138B-6A8C-4702-8697-C45163B2B810}.Release|Any CPU.ActiveCfg = Release|Any CPU
		{DD55138B-6A8C-4702-8697-C45163B2B810}.Release|Any CPU.Build.0 = Release|Any CPU
	EndGlobalSection
	GlobalSection(SolutionProperties) = preSolution
		HideSolutionNode = FALSE
	EndGlobalSection
	GlobalSection(ExtensibilityGlobals) = postSolution
		SolutionGuid = {6E71866D-505A-4735-B0DF-2F29285B398A}
	EndGlobalSection
EndGlobal
